// !$*UTF8*$!
{
	archiveVersion = 1;
	classes = {
	};
	objectVersion = 50;
	objects = {

/* Begin PBXBuildFile section */
		838BD0BB2626CFBC001A1042 /* AppDelegate.m in Sources */ = {isa = PBXBuildFile; fileRef = 838BD0BA2626CFBC001A1042 /* AppDelegate.m */; };
		838BD0BE2626CFBC001A1042 /* SceneDelegate.m in Sources */ = {isa = PBXBuildFile; fileRef = 838BD0BD2626CFBC001A1042 /* SceneDelegate.m */; };
		838BD0C12626CFBC001A1042 /* ViewController.m in Sources */ = {isa = PBXBuildFile; fileRef = 838BD0C02626CFBC001A1042 /* ViewController.m */; };
		838BD0C42626CFBC001A1042 /* Main.storyboard in Resources */ = {isa = PBXBuildFile; fileRef = 838BD0C22626CFBC001A1042 /* Main.storyboard */; };
		838BD0C62626CFBF001A1042 /* Assets.xcassets in Resources */ = {isa = PBXBuildFile; fileRef = 838BD0C52626CFBF001A1042 /* Assets.xcassets */; };
		838BD0C92626CFBF001A1042 /* LaunchScreen.storyboard in Resources */ = {isa = PBXBuildFile; fileRef = 838BD0C72626CFBF001A1042 /* LaunchScreen.storyboard */; };
		838BD0CC2626CFBF001A1042 /* main.m in Sources */ = {isa = PBXBuildFile; fileRef = 838BD0CB2626CFBF001A1042 /* main.m */; };
		838BD0D62626CFBF001A1042 /* _9__DelegatesHomeWorkPupilTests.m in Sources */ = {isa = PBXBuildFile; fileRef = 838BD0D52626CFBF001A1042 /* _9__DelegatesHomeWorkPupilTests.m */; };
		838BD0E12626CFBF001A1042 /* _9__DelegatesHomeWorkPupilUITests.m in Sources */ = {isa = PBXBuildFile; fileRef = 838BD0E02626CFBF001A1042 /* _9__DelegatesHomeWorkPupilUITests.m */; };
/* End PBXBuildFile section */

/* Begin PBXContainerItemProxy section */
		838BD0D22626CFBF001A1042 /* PBXContainerItemProxy */ = {
			isa = PBXContainerItemProxy;
			containerPortal = 838BD0AE2626CFBC001A1042 /* Project object */;
			proxyType = 1;
			remoteGlobalIDString = 838BD0B52626CFBC001A1042;
			remoteInfo = "09. DelegatesHomeWorkPupil";
		};
		838BD0DD2626CFBF001A1042 /* PBXContainerItemProxy */ = {
			isa = PBXContainerItemProxy;
			containerPortal = 838BD0AE2626CFBC001A1042 /* Project object */;
			proxyType = 1;
			remoteGlobalIDString = 838BD0B52626CFBC001A1042;
			remoteInfo = "09. DelegatesHomeWorkPupil";
		};
/* End PBXContainerItemProxy section */

/* Begin PBXFileReference section */
		838BD0B62626CFBC001A1042 /* 09. DelegatesHomeWorkPupil.app */ = {isa = PBXFileReference; explicitFileType = wrapper.application; includeInIndex = 0; path = "09. DelegatesHomeWorkPupil.app"; sourceTree = BUILT_PRODUCTS_DIR; };
		838BD0B92626CFBC001A1042 /* AppDelegate.h */ = {isa = PBXFileReference; lastKnownFileType = sourcecode.c.h; path = AppDelegate.h; sourceTree = "<group>"; };
		838BD0BA2626CFBC001A1042 /* AppDelegate.m */ = {isa = PBXFileReference; lastKnownFileType = sourcecode.c.objc; path = AppDelegate.m; sourceTree = "<group>"; };
		838BD0BC2626CFBC001A1042 /* SceneDelegate.h */ = {isa = PBXFileReference; lastKnownFileType = sourcecode.c.h; path = SceneDelegate.h; sourceTree = "<group>"; };
		838BD0BD2626CFBC001A1042 /* SceneDelegate.m */ = {isa = PBXFileReference; lastKnownFileType = sourcecode.c.objc; path = SceneDelegate.m; sourceTree = "<group>"; };
		838BD0BF2626CFBC001A1042 /* ViewController.h */ = {isa = PBXFileReference; lastKnownFileType = sourcecode.c.h; path = ViewController.h; sourceTree = "<group>"; };
		838BD0C02626CFBC001A1042 /* ViewController.m */ = {isa = PBXFileReference; lastKnownFileType = sourcecode.c.objc; path = ViewController.m; sourceTree = "<group>"; };
		838BD0C32626CFBC001A1042 /* Base */ = {isa = PBXFileReference; lastKnownFileType = file.storyboard; name = Base; path = Base.lproj/Main.storyboard; sourceTree = "<group>"; };
		838BD0C52626CFBF001A1042 /* Assets.xcassets */ = {isa = PBXFileReference; lastKnownFileType = folder.assetcatalog; path = Assets.xcassets; sourceTree = "<group>"; };
		838BD0C82626CFBF001A1042 /* Base */ = {isa = PBXFileReference; lastKnownFileType = file.storyboard; name = Base; path = Base.lproj/LaunchScreen.storyboard; sourceTree = "<group>"; };
		838BD0CA2626CFBF001A1042 /* Info.plist */ = {isa = PBXFileReference; lastKnownFileType = text.plist.xml; path = Info.plist; sourceTree = "<group>"; };
		838BD0CB2626CFBF001A1042 /* main.m */ = {isa = PBXFileReference; lastKnownFileType = sourcecode.c.objc; path = main.m; sourceTree = "<group>"; };
		838BD0D12626CFBF001A1042 /* 09. DelegatesHomeWorkPupilTests.xctest */ = {isa = PBXFileReference; explicitFileType = wrapper.cfbundle; includeInIndex = 0; path = "09. DelegatesHomeWorkPupilTests.xctest"; sourceTree = BUILT_PRODUCTS_DIR; };
		838BD0D52626CFBF001A1042 /* _9__DelegatesHomeWorkPupilTests.m */ = {isa = PBXFileReference; lastKnownFileType = sourcecode.c.objc; path = _9__DelegatesHomeWorkPupilTests.m; sourceTree = "<group>"; };
		838BD0D72626CFBF001A1042 /* Info.plist */ = {isa = PBXFileReference; lastKnownFileType = text.plist.xml; path = Info.plist; sourceTree = "<group>"; };
		838BD0DC2626CFBF001A1042 /* 09. DelegatesHomeWorkPupilUITests.xctest */ = {isa = PBXFileReference; explicitFileType = wrapper.cfbundle; includeInIndex = 0; path = "09. DelegatesHomeWorkPupilUITests.xctest"; sourceTree = BUILT_PRODUCTS_DIR; };
		838BD0E02626CFBF001A1042 /* _9__DelegatesHomeWorkPupilUITests.m */ = {isa = PBXFileReference; lastKnownFileType = sourcecode.c.objc; path = _9__DelegatesHomeWorkPupilUITests.m; sourceTree = "<group>"; };
		838BD0E22626CFBF001A1042 /* Info.plist */ = {isa = PBXFileReference; lastKnownFileType = text.plist.xml; path = Info.plist; sourceTree = "<group>"; };
/* End PBXFileReference section */

/* Begin PBXFrameworksBuildPhase section */
		838BD0B32626CFBC001A1042 /* Frameworks */ = {
			isa = PBXFrameworksBuildPhase;
			buildActionMask = 2147483647;
			files = (
			);
			runOnlyForDeploymentPostprocessing = 0;
		};
		838BD0CE2626CFBF001A1042 /* Frameworks */ = {
			isa = PBXFrameworksBuildPhase;
			buildActionMask = 2147483647;
			files = (
			);
			runOnlyForDeploymentPostprocessing = 0;
		};
		838BD0D92626CFBF001A1042 /* Frameworks */ = {
			isa = PBXFrameworksBuildPhase;
			buildActionMask = 2147483647;
			files = (
			);
			runOnlyForDeploymentPostprocessing = 0;
		};
/* End PBXFrameworksBuildPhase section */

/* Begin PBXGroup section */
		838BD0AD2626CFBC001A1042 = {
			isa = PBXGroup;
			children = (
				838BD0B82626CFBC001A1042 /* 09. DelegatesHomeWorkPupil */,
				838BD0D42626CFBF001A1042 /* 09. DelegatesHomeWorkPupilTests */,
				838BD0DF2626CFBF001A1042 /* 09. DelegatesHomeWorkPupilUITests */,
				838BD0B72626CFBC001A1042 /* Products */,
			);
			sourceTree = "<group>";
		};
		838BD0B72626CFBC001A1042 /* Products */ = {
			isa = PBXGroup;
			children = (
				838BD0B62626CFBC001A1042 /* 09. DelegatesHomeWorkPupil.app */,
				838BD0D12626CFBF001A1042 /* 09. DelegatesHomeWorkPupilTests.xctest */,
				838BD0DC2626CFBF001A1042 /* 09. DelegatesHomeWorkPupilUITests.xctest */,
			);
			name = Products;
			sourceTree = "<group>";
		};
		838BD0B82626CFBC001A1042 /* 09. DelegatesHomeWorkPupil */ = {
			isa = PBXGroup;
			children = (
				838BD0B92626CFBC001A1042 /* AppDelegate.h */,
				838BD0BA2626CFBC001A1042 /* AppDelegate.m */,
				838BD0BC2626CFBC001A1042 /* SceneDelegate.h */,
				838BD0BD2626CFBC001A1042 /* SceneDelegate.m */,
				838BD0BF2626CFBC001A1042 /* ViewController.h */,
				838BD0C02626CFBC001A1042 /* ViewController.m */,
				838BD0C22626CFBC001A1042 /* Main.storyboard */,
				838BD0C52626CFBF001A1042 /* Assets.xcassets */,
				838BD0C72626CFBF001A1042 /* LaunchScreen.storyboard */,
				838BD0CA2626CFBF001A1042 /* Info.plist */,
				838BD0CB2626CFBF001A1042 /* main.m */,
			);
			path = "09. DelegatesHomeWorkPupil";
			sourceTree = "<group>";
		};
		838BD0D42626CFBF001A1042 /* 09. DelegatesHomeWorkPupilTests */ = {
			isa = PBXGroup;
			children = (
				838BD0D52626CFBF001A1042 /* _9__DelegatesHomeWorkPupilTests.m */,
				838BD0D72626CFBF001A1042 /* Info.plist */,
			);
			path = "09. DelegatesHomeWorkPupilTests";
			sourceTree = "<group>";
		};
		838BD0DF2626CFBF001A1042 /* 09. DelegatesHomeWorkPupilUITests */ = {
			isa = PBXGroup;
			children = (
				838BD0E02626CFBF001A1042 /* _9__DelegatesHomeWorkPupilUITests.m */,
				838BD0E22626CFBF001A1042 /* Info.plist */,
			);
			path = "09. DelegatesHomeWorkPupilUITests";
			sourceTree = "<group>";
		};
/* End PBXGroup section */

/* Begin PBXNativeTarget section */
		838BD0B52626CFBC001A1042 /* 09. DelegatesHomeWorkPupil */ = {
			isa = PBXNativeTarget;
			buildConfigurationList = 838BD0E52626CFBF001A1042 /* Build configuration list for PBXNativeTarget "09. DelegatesHomeWorkPupil" */;
			buildPhases = (
				838BD0B22626CFBC001A1042 /* Sources */,
				838BD0B32626CFBC001A1042 /* Frameworks */,
				838BD0B42626CFBC001A1042 /* Resources */,
			);
			buildRules = (
			);
			dependencies = (
			);
			name = "09. DelegatesHomeWorkPupil";
			productName = "09. DelegatesHomeWorkPupil";
			productReference = 838BD0B62626CFBC001A1042 /* 09. DelegatesHomeWorkPupil.app */;
			productType = "com.apple.product-type.application";
		};
		838BD0D02626CFBF001A1042 /* 09. DelegatesHomeWorkPupilTests */ = {
			isa = PBXNativeTarget;
			buildConfigurationList = 838BD0E82626CFBF001A1042 /* Build configuration list for PBXNativeTarget "09. DelegatesHomeWorkPupilTests" */;
			buildPhases = (
				838BD0CD2626CFBF001A1042 /* Sources */,
				838BD0CE2626CFBF001A1042 /* Frameworks */,
				838BD0CF2626CFBF001A1042 /* Resources */,
			);
			buildRules = (
			);
			dependencies = (
				838BD0D32626CFBF001A1042 /* PBXTargetDependency */,
			);
			name = "09. DelegatesHomeWorkPupilTests";
			productName = "09. DelegatesHomeWorkPupilTests";
			productReference = 838BD0D12626CFBF001A1042 /* 09. DelegatesHomeWorkPupilTests.xctest */;
			productType = "com.apple.product-type.bundle.unit-test";
		};
		838BD0DB2626CFBF001A1042 /* 09. DelegatesHomeWorkPupilUITests */ = {
			isa = PBXNativeTarget;
			buildConfigurationList = 838BD0EB2626CFBF001A1042 /* Build configuration list for PBXNativeTarget "09. DelegatesHomeWorkPupilUITests" */;
			buildPhases = (
				838BD0D82626CFBF001A1042 /* Sources */,
				838BD0D92626CFBF001A1042 /* Frameworks */,
				838BD0DA2626CFBF001A1042 /* Resources */,
			);
			buildRules = (
			);
			dependencies = (
				838BD0DE2626CFBF001A1042 /* PBXTargetDependency */,
			);
			name = "09. DelegatesHomeWorkPupilUITests";
			productName = "09. DelegatesHomeWorkPupilUITests";
			productReference = 838BD0DC2626CFBF001A1042 /* 09. DelegatesHomeWorkPupilUITests.xctest */;
			productType = "com.apple.product-type.bundle.ui-testing";
		};
/* End PBXNativeTarget section */

/* Begin PBXProject section */
		838BD0AE2626CFBC001A1042 /* Project object */ = {
			isa = PBXProject;
			attributes = {
				LastUpgradeCheck = 1240;
				TargetAttributes = {
					838BD0B52626CFBC001A1042 = {
						CreatedOnToolsVersion = 12.4;
					};
					838BD0D02626CFBF001A1042 = {
						CreatedOnToolsVersion = 12.4;
						TestTargetID = 838BD0B52626CFBC001A1042;
					};
					838BD0DB2626CFBF001A1042 = {
						CreatedOnToolsVersion = 12.4;
						TestTargetID = 838BD0B52626CFBC001A1042;
					};
				};
			};
			buildConfigurationList = 838BD0B12626CFBC001A1042 /* Build configuration list for PBXProject "09. DelegatesHomeWorkPupil" */;
			compatibilityVersion = "Xcode 9.3";
			developmentRegion = en;
			hasScannedForEncodings = 0;
			knownRegions = (
				en,
				Base,
			);
			mainGroup = 838BD0AD2626CFBC001A1042;
			productRefGroup = 838BD0B72626CFBC001A1042 /* Products */;
			projectDirPath = "";
			projectRoot = "";
			targets = (
				838BD0B52626CFBC001A1042 /* 09. DelegatesHomeWorkPupil */,
				838BD0D02626CFBF001A1042 /* 09. DelegatesHomeWorkPupilTests */,
				838BD0DB2626CFBF001A1042 /* 09. DelegatesHomeWorkPupilUITests */,
			);
		};
/* End PBXProject section */

/* Begin PBXResourcesBuildPhase section */
		838BD0B42626CFBC001A1042 /* Resources */ = {
			isa = PBXResourcesBuildPhase;
			buildActionMask = 2147483647;
			files = (
				838BD0C92626CFBF001A1042 /* LaunchScreen.storyboard in Resources */,
				838BD0C62626CFBF001A1042 /* Assets.xcassets in Resources */,
				838BD0C42626CFBC001A1042 /* Main.storyboard in Resources */,
			);
			runOnlyForDeploymentPostprocessing = 0;
		};
		838BD0CF2626CFBF001A1042 /* Resources */ = {
			isa = PBXResourcesBuildPhase;
			buildActionMask = 2147483647;
			files = (
			);
			runOnlyForDeploymentPostprocessing = 0;
		};
		838BD0DA2626CFBF001A1042 /* Resources */ = {
			isa = PBXResourcesBuildPhase;
			buildActionMask = 2147483647;
			files = (
			);
			runOnlyForDeploymentPostprocessing = 0;
		};
/* End PBXResourcesBuildPhase section */

/* Begin PBXSourcesBuildPhase section */
		838BD0B22626CFBC001A1042 /* Sources */ = {
			isa = PBXSourcesBuildPhase;
			buildActionMask = 2147483647;
			files = (
				838BD0C12626CFBC001A1042 /* ViewController.m in Sources */,
				838BD0BB2626CFBC001A1042 /* AppDelegate.m in Sources */,
				838BD0CC2626CFBF001A1042 /* main.m in Sources */,
				838BD0BE2626CFBC001A1042 /* SceneDelegate.m in Sources */,
			);
			runOnlyForDeploymentPostprocessing = 0;
		};
		838BD0CD2626CFBF001A1042 /* Sources */ = {
			isa = PBXSourcesBuildPhase;
			buildActionMask = 2147483647;
			files = (
				838BD0D62626CFBF001A1042 /* _9__DelegatesHomeWorkPupilTests.m in Sources */,
			);
			runOnlyForDeploymentPostprocessing = 0;
		};
		838BD0D82626CFBF001A1042 /* Sources */ = {
			isa = PBXSourcesBuildPhase;
			buildActionMask = 2147483647;
			files = (
				838BD0E12626CFBF001A1042 /* _9__DelegatesHomeWorkPupilUITests.m in Sources */,
			);
			runOnlyForDeploymentPostprocessing = 0;
		};
/* End PBXSourcesBuildPhase section */

/* Begin PBXTargetDependency section */
		838BD0D32626CFBF001A1042 /* PBXTargetDependency */ = {
			isa = PBXTargetDependency;
			target = 838BD0B52626CFBC001A1042 /* 09. DelegatesHomeWorkPupil */;
			targetProxy = 838BD0D22626CFBF001A1042 /* PBXContainerItemProxy */;
		};
		838BD0DE2626CFBF001A1042 /* PBXTargetDependency */ = {
			isa = PBXTargetDependency;
			target = 838BD0B52626CFBC001A1042 /* 09. DelegatesHomeWorkPupil */;
			targetProxy = 838BD0DD2626CFBF001A1042 /* PBXContainerItemProxy */;
		};
/* End PBXTargetDependency section */

/* Begin PBXVariantGroup section */
		838BD0C22626CFBC001A1042 /* Main.storyboard */ = {
			isa = PBXVariantGroup;
			children = (
				838BD0C32626CFBC001A1042 /* Base */,
			);
			name = Main.storyboard;
			sourceTree = "<group>";
		};
		838BD0C72626CFBF001A1042 /* LaunchScreen.storyboard */ = {
			isa = PBXVariantGroup;
			children = (
				838BD0C82626CFBF001A1042 /* Base */,
			);
			name = LaunchScreen.storyboard;
			sourceTree = "<group>";
		};
/* End PBXVariantGroup section */

/* Begin XCBuildConfiguration section */
		838BD0E32626CFBF001A1042 /* Debug */ = {
			isa = XCBuildConfiguration;
			buildSettings = {
				ALWAYS_SEARCH_USER_PATHS = NO;
				CLANG_ANALYZER_NONNULL = YES;
				CLANG_ANALYZER_NUMBER_OBJECT_CONVERSION = YES_AGGRESSIVE;
				CLANG_CXX_LANGUAGE_STANDARD = "gnu++14";
				CLANG_CXX_LIBRARY = "libc++";
				CLANG_ENABLE_MODULES = YES;
				CLANG_ENABLE_OBJC_ARC = YES;
				CLANG_ENABLE_OBJC_WEAK = YES;
				CLANG_WARN_BLOCK_CAPTURE_AUTORELEASING = YES;
				CLANG_WARN_BOOL_CONVERSION = YES;
				CLANG_WARN_COMMA = YES;
				CLANG_WARN_CONSTANT_CONVERSION = YES;
				CLANG_WARN_DEPRECATED_OBJC_IMPLEMENTATIONS = YES;
				CLANG_WARN_DIRECT_OBJC_ISA_USAGE = YES_ERROR;
				CLANG_WARN_DOCUMENTATION_COMMENTS = YES;
				CLANG_WARN_EMPTY_BODY = YES;
				CLANG_WARN_ENUM_CONVERSION = YES;
				CLANG_WARN_INFINITE_RECURSION = YES;
				CLANG_WARN_INT_CONVERSION = YES;
				CLANG_WARN_NON_LITERAL_NULL_CONVERSION = YES;
				CLANG_WARN_OBJC_IMPLICIT_RETAIN_SELF = YES;
				CLANG_WARN_OBJC_LITERAL_CONVERSION = YES;
				CLANG_WARN_OBJC_ROOT_CLASS = YES_ERROR;
				CLANG_WARN_QUOTED_INCLUDE_IN_FRAMEWORK_HEADER = YES;
				CLANG_WARN_RANGE_LOOP_ANALYSIS = YES;
				CLANG_WARN_STRICT_PROTOTYPES = YES;
				CLANG_WARN_SUSPICIOUS_MOVE = YES;
				CLANG_WARN_UNGUARDED_AVAILABILITY = YES_AGGRESSIVE;
				CLANG_WARN_UNREACHABLE_CODE = YES;
				CLANG_WARN__DUPLICATE_METHOD_MATCH = YES;
				COPY_PHASE_STRIP = NO;
				DEBUG_INFORMATION_FORMAT = dwarf;
				ENABLE_STRICT_OBJC_MSGSEND = YES;
				ENABLE_TESTABILITY = YES;
				GCC_C_LANGUAGE_STANDARD = gnu11;
				GCC_DYNAMIC_NO_PIC = NO;
				GCC_NO_COMMON_BLOCKS = YES;
				GCC_OPTIMIZATION_LEVEL = 0;
				GCC_PREPROCESSOR_DEFINITIONS = (
					"DEBUG=1",
					"$(inherited)",
				);
				GCC_WARN_64_TO_32_BIT_CONVERSION = YES;
				GCC_WARN_ABOUT_RETURN_TYPE = YES_ERROR;
				GCC_WARN_UNDECLARED_SELECTOR = YES;
				GCC_WARN_UNINITIALIZED_AUTOS = YES_AGGRESSIVE;
				GCC_WARN_UNUSED_FUNCTION = YES;
				GCC_WARN_UNUSED_VARIABLE = YES;
				IPHONEOS_DEPLOYMENT_TARGET = 14.4;
				MTL_ENABLE_DEBUG_INFO = INCLUDE_SOURCE;
				MTL_FAST_MATH = YES;
				ONLY_ACTIVE_ARCH = YES;
				SDKROOT = iphoneos;
			};
			name = Debug;
		};
		838BD0E42626CFBF001A1042 /* Release */ = {
			isa = XCBuildConfiguration;
			buildSettings = {
				ALWAYS_SEARCH_USER_PATHS = NO;
				CLANG_ANALYZER_NONNULL = YES;
				CLANG_ANALYZER_NUMBER_OBJECT_CONVERSION = YES_AGGRESSIVE;
				CLANG_CXX_LANGUAGE_STANDARD = "gnu++14";
				CLANG_CXX_LIBRARY = "libc++";
				CLANG_ENABLE_MODULES = YES;
				CLANG_ENABLE_OBJC_ARC = YES;
				CLANG_ENABLE_OBJC_WEAK = YES;
				CLANG_WARN_BLOCK_CAPTURE_AUTORELEASING = YES;
				CLANG_WARN_BOOL_CONVERSION = YES;
				CLANG_WARN_COMMA = YES;
				CLANG_WARN_CONSTANT_CONVERSION = YES;
				CLANG_WARN_DEPRECATED_OBJC_IMPLEMENTATIONS = YES;
				CLANG_WARN_DIRECT_OBJC_ISA_USAGE = YES_ERROR;
				CLANG_WARN_DOCUMENTATION_COMMENTS = YES;
				CLANG_WARN_EMPTY_BODY = YES;
				CLANG_WARN_ENUM_CONVERSION = YES;
				CLANG_WARN_INFINITE_RECURSION = YES;
				CLANG_WARN_INT_CONVERSION = YES;
				CLANG_WARN_NON_LITERAL_NULL_CONVERSION = YES;
				CLANG_WARN_OBJC_IMPLICIT_RETAIN_SELF = YES;
				CLANG_WARN_OBJC_LITERAL_CONVERSION = YES;
				CLANG_WARN_OBJC_ROOT_CLASS = YES_ERROR;
				CLANG_WARN_QUOTED_INCLUDE_IN_FRAMEWORK_HEADER = YES;
				CLANG_WARN_RANGE_LOOP_ANALYSIS = YES;
				CLANG_WARN_STRICT_PROTOTYPES = YES;
				CLANG_WARN_SUSPICIOUS_MOVE = YES;
				CLANG_WARN_UNGUARDED_AVAILABILITY = YES_AGGRESSIVE;
				CLANG_WARN_UNREACHABLE_CODE = YES;
				CLANG_WARN__DUPLICATE_METHOD_MATCH = YES;
				COPY_PHASE_STRIP = NO;
				DEBUG_INFORMATION_FORMAT = "dwarf-with-dsym";
				ENABLE_NS_ASSERTIONS = NO;
				ENABLE_STRICT_OBJC_MSGSEND = YES;
				GCC_C_LANGUAGE_STANDARD = gnu11;
				GCC_NO_COMMON_BLOCKS = YES;
				GCC_WARN_64_TO_32_BIT_CONVERSION = YES;
				GCC_WARN_ABOUT_RETURN_TYPE = YES_ERROR;
				GCC_WARN_UNDECLARED_SELECTOR = YES;
				GCC_WARN_UNINITIALIZED_AUTOS = YES_AGGRESSIVE;
				GCC_WARN_UNUSED_FUNCTION = YES;
				GCC_WARN_UNUSED_VARIABLE = YES;
				IPHONEOS_DEPLOYMENT_TARGET = 14.4;
				MTL_ENABLE_DEBUG_INFO = NO;
				MTL_FAST_MATH = YES;
				SDKROOT = iphoneos;
				VALIDATE_PRODUCT = YES;
			};
			name = Release;
		};
		838BD0E62626CFBF001A1042 /* Debug */ = {
			isa = XCBuildConfiguration;
			buildSettings = {
				ASSETCATALOG_COMPILER_APPICON_NAME = AppIcon;
				ASSETCATALOG_COMPILER_GLOBAL_ACCENT_COLOR_NAME = AccentColor;
				CODE_SIGN_STYLE = Automatic;
				DEVELOPMENT_TEAM = 2Z2D88P9NV;
				INFOPLIST_FILE = "09. DelegatesHomeWorkPupil/Info.plist";
				LD_RUNPATH_SEARCH_PATHS = (
					"$(inherited)",
					"@executable_path/Frameworks",
				);
				PRODUCT_BUNDLE_IDENTIFIER = "com.dmytrosayko.-9--DelegatesHomeWorkPupil";
				PRODUCT_NAME = "$(TARGET_NAME)";
				TARGETED_DEVICE_FAMILY = "1,2";
			};
			name = Debug;
		};
		838BD0E72626CFBF001A1042 /* Release */ = {
			isa = XCBuildConfiguration;
			buildSettings = {
				ASSETCATALOG_COMPILER_APPICON_NAME = AppIcon;
				ASSETCATALOG_COMPILER_GLOBAL_ACCENT_COLOR_NAME = AccentColor;
				CODE_SIGN_STYLE = Automatic;
				DEVELOPMENT_TEAM = 2Z2D88P9NV;
				INFOPLIST_FILE = "09. DelegatesHomeWorkPupil/Info.plist";
				LD_RUNPATH_SEARCH_PATHS = (
					"$(inherited)",
					"@executable_path/Frameworks",
				);
				PRODUCT_BUNDLE_IDENTIFIER = "com.dmytrosayko.-9--DelegatesHomeWorkPupil";
				PRODUCT_NAME = "$(TARGET_NAME)";
				TARGETED_DEVICE_FAMILY = "1,2";
			};
			name = Release;
		};
		838BD0E92626CFBF001A1042 /* Debug */ = {
			isa = XCBuildConfiguration;
			buildSettings = {
				BUNDLE_LOADER = "$(TEST_HOST)";
				CODE_SIGN_STYLE = Automatic;
				DEVELOPMENT_TEAM = 2Z2D88P9NV;
				INFOPLIST_FILE = "09. DelegatesHomeWorkPupilTests/Info.plist";
				IPHONEOS_DEPLOYMENT_TARGET = 14.4;
				LD_RUNPATH_SEARCH_PATHS = (
					"$(inherited)",
					"@executable_path/Frameworks",
					"@loader_path/Frameworks",
				);
				PRODUCT_BUNDLE_IDENTIFIER = "com.dmytrosayko.-9--DelegatesHomeWorkPupilTests";
				PRODUCT_NAME = "$(TARGET_NAME)";
				TARGETED_DEVICE_FAMILY = "1,2";
				TEST_HOST = "$(BUILT_PRODUCTS_DIR)/09. DelegatesHomeWorkPupil.app/09. DelegatesHomeWorkPupil";
			};
			name = Debug;
		};
		838BD0EA2626CFBF001A1042 /* Release */ = {
			isa = XCBuildConfiguration;
			buildSettings = {
				BUNDLE_LOADER = "$(TEST_HOST)";
				CODE_SIGN_STYLE = Automatic;
				DEVELOPMENT_TEAM = 2Z2D88P9NV;
				INFOPLIST_FILE = "09. DelegatesHomeWorkPupilTests/Info.plist";
				IPHONEOS_DEPLOYMENT_TARGET = 14.4;
				LD_RUNPATH_SEARCH_PATHS = (
					"$(inherited)",
					"@executable_path/Frameworks",
					"@loader_path/Frameworks",
				);
				PRODUCT_BUNDLE_IDENTIFIER = "com.dmytrosayko.-9--DelegatesHomeWorkPupilTests";
				PRODUCT_NAME = "$(TARGET_NAME)";
				TARGETED_DEVICE_FAMILY = "1,2";
				TEST_HOST = "$(BUILT_PRODUCTS_DIR)/09. DelegatesHomeWorkPupil.app/09. DelegatesHomeWorkPupil";
			};
			name = Release;
		};
		838BD0EC2626CFBF001A1042 /* Debug */ = {
			isa = XCBuildConfiguration;
			buildSettings = {
				CODE_SIGN_STYLE = Automatic;
				DEVELOPMENT_TEAM = 2Z2D88P9NV;
				INFOPLIST_FILE = "09. DelegatesHomeWorkPupilUITests/Info.plist";
				LD_RUNPATH_SEARCH_PATHS = (
					"$(inherited)",
					"@executable_path/Frameworks",
					"@loader_path/Frameworks",
				);
				PRODUCT_BUNDLE_IDENTIFIER = "com.dmytrosayko.-9--DelegatesHomeWorkPupilUITests";
				PRODUCT_NAME = "$(TARGET_NAME)";
				TARGETED_DEVICE_FAMILY = "1,2";
				TEST_TARGET_NAME = "09. DelegatesHomeWorkPupil";
			};
			name = Debug;
		};
		838BD0ED2626CFBF001A1042 /* Release */ = {
			isa = XCBuildConfiguration;
			buildSettings = {
				CODE_SIGN_STYLE = Automatic;
				DEVELOPMENT_TEAM = 2Z2D88P9NV;
				INFOPLIST_FILE = "09. DelegatesHomeWorkPupilUITests/Info.plist";
				LD_RUNPATH_SEARCH_PATHS = (
					"$(inherited)",
					"@executable_path/Frameworks",
					"@loader_path/Frameworks",
				);
				PRODUCT_BUNDLE_IDENTIFIER = "com.dmytrosayko.-9--DelegatesHomeWorkPupilUITests";
				PRODUCT_NAME = "$(TARGET_NAME)";
				TARGETED_DEVICE_FAMILY = "1,2";
				TEST_TARGET_NAME = "09. DelegatesHomeWorkPupil";
			};
			name = Release;
		};
/* End XCBuildConfiguration section */

/* Begin XCConfigurationList section */
		838BD0B12626CFBC001A1042 /* Build configuration list for PBXProject "09. DelegatesHomeWorkPupil" */ = {
			isa = XCConfigurationList;
			buildConfigurations = (
				838BD0E32626CFBF001A1042 /* Debug */,
				838BD0E42626CFBF001A1042 /* Release */,
			);
			defaultConfigurationIsVisible = 0;
			defaultConfigurationName = Release;
		};
		838BD0E52626CFBF001A1042 /* Build configuration list for PBXNativeTarget "09. DelegatesHomeWorkPupil" */ = {
			isa = XCConfigurationList;
			buildConfigurations = (
				838BD0E62626CFBF001A1042 /* Debug */,
				838BD0E72626CFBF001A1042 /* Release */,
			);
			defaultConfigurationIsVisible = 0;
			defaultConfigurationName = Release;
		};
		838BD0E82626CFBF001A1042 /* Build configuration list for PBXNativeTarget "09. DelegatesHomeWorkPupilTests" */ = {
			isa = XCConfigurationList;
			buildConfigurations = (
				838BD0E92626CFBF001A1042 /* Debug */,
				838BD0EA2626CFBF001A1042 /* Release */,
			);
			defaultConfigurationIsVisible = 0;
			defaultConfigurationName = Release;
		};
		838BD0EB2626CFBF001A1042 /* Build configuration list for PBXNativeTarget "09. DelegatesHomeWorkPupilUITests" */ = {
			isa = XCConfigurationList;
			buildConfigurations = (
				838BD0EC2626CFBF001A1042 /* Debug */,
				838BD0ED2626CFBF001A1042 /* Release */,
			);
			defaultConfigurationIsVisible = 0;
			defaultConfigurationName = Release;
		};
/* End XCConfigurationList section */
	};
	rootObject = 838BD0AE2626CFBC001A1042 /* Project object */;
}
